
Microsoft Visual Studio Solution File, Format Version 12.00
# Visual Studio Version 17
VisualStudioVersion = 17.4.33205.214
MinimumVisualStudioVersion = 10.0.40219.1
Project("{9A19103F-16F7-4668-BE54-9A1E7A4F7556}") = "Authentication", "Authentication\Authentication.csproj", "{865860AC-D204-4E74-8053-9272CEEFB5D0}"
EndProject
Project("{9A19103F-16F7-4668-BE54-9A1E7A4F7556}") = "ExternalMicroservices", "ExternalMicroservices\ExternalMicroservices.csproj", "{4DA9DA52-940F-46CB-A811-41A30E13B880}"
EndProject
Project("{FAE04EC0-301F-11D3-BF4B-00C04F79EFBC}") = "Gateway", "Gateway\Gateway.csproj", "{78E4B395-2A96-44D7-B1D0-E3C04B67551B}"
EndProject
Project("{FAE04EC0-301F-11D3-BF4B-00C04F79EFBC}") = "Unite.Crypto", "Unite.Crypto\Unite.Crypto.csproj", "{52708AB8-6E0B-43BE-B512-CD215082E688}"
EndProject
Global
	GlobalSection(SolutionConfigurationPlatforms) = preSolution
		Debug|Any CPU = Debug|Any CPU
		Release|Any CPU = Release|Any CPU
	EndGlobalSection
	GlobalSection(ProjectConfigurationPlatforms) = postSolution
		{865860AC-D204-4E74-8053-9272CEEFB5D0}.Debug|Any CPU.ActiveCfg = Debug|Any CPU
		{865860AC-D204-4E74-8053-9272CEEFB5D0}.Debug|Any CPU.Build.0 = Debug|Any CPU
		{865860AC-D204-4E74-8053-9272CEEFB5D0}.Release|Any CPU.ActiveCfg = Release|Any CPU
		{865860AC-D204-4E74-8053-9272CEEFB5D0}.Release|Any CPU.Build.0 = Release|Any CPU
		{4DA9DA52-940F-46CB-A811-41A30E13B880}.Debug|Any CPU.ActiveCfg = Debug|Any CPU
		{4DA9DA52-940F-46CB-A811-41A30E13B880}.Debug|Any CPU.Build.0 = Debug|Any CPU
		{4DA9DA52-940F-46CB-A811-41A30E13B880}.Release|Any CPU.ActiveCfg = Release|Any CPU
		{4DA9DA52-940F-46CB-A811-41A30E13B880}.Release|Any CPU.Build.0 = Release|Any CPU
		{78E4B395-2A96-44D7-B1D0-E3C04B67551B}.Debug|Any CPU.ActiveCfg = Debug|Any CPU
		{78E4B395-2A96-44D7-B1D0-E3C04B67551B}.Debug|Any CPU.Build.0 = Debug|Any CPU
		{78E4B395-2A96-44D7-B1D0-E3C04B67551B}.Release|Any CPU.ActiveCfg = Release|Any CPU
		{78E4B395-2A96-44D7-B1D0-E3C04B67551B}.Release|Any CPU.Build.0 = Release|Any CPU
		{52708AB8-6E0B-43BE-B512-CD215082E688}.Debug|Any CPU.ActiveCfg = Debug|Any CPU
		{52708AB8-6E0B-43BE-B512-CD215082E688}.Debug|Any CPU.Build.0 = Debug|Any CPU
		{52708AB8-6E0B-43BE-B512-CD215082E688}.Release|Any CPU.ActiveCfg = Release|Any CPU
		{52708AB8-6E0B-43BE-B512-CD215082E688}.Release|Any CPU.Build.0 = Release|Any CPU
	EndGlobalSection
	GlobalSection(SolutionProperties) = preSolution
		HideSolutionNode = FALSE
	EndGlobalSection
	GlobalSection(ExtensibilityGlobals) = postSolution
		SolutionGuid = {BCF0801B-5A5A-4AB4-8135-E7FFE1FCDF9D}
	EndGlobalSection
EndGlobal
